
Microsoft Visual Studio Solution File, Format Version 12.00
# Visual Studio Version 16
VisualStudioVersion = 16.0.29306.81
MinimumVisualStudioVersion = 10.0.40219.1
Project("{FAE04EC0-301F-11D3-BF4B-00C04F79EFBC}") = "CommonWPFTools.NumericSpinner", "CommonWPFTools.NumericSpinner.csproj", "{FC310A55-20E3-4DFD-A8E6-36F7DA0D1DFF}"
EndProject
Global
	GlobalSection(SolutionConfigurationPlatforms) = preSolution
		Debug|Any CPU = Debug|Any CPU
		Release|Any CPU = Release|Any CPU
	EndGlobalSection
	GlobalSection(ProjectConfigurationPlatforms) = postSolution
		{FC310A55-20E3-4DFD-A8E6-36F7DA0D1DFF}.Debug|Any CPU.ActiveCfg = Debug|Any CPU
		{FC310A55-20E3-4DFD-A8E6-36F7DA0D1DFF}.Debug|Any CPU.Build.0 = Debug|Any CPU
		{FC310A55-20E3-4DFD-A8E6-36F7DA0D1DFF}.Release|Any CPU.ActiveCfg = Release|Any CPU
		{FC310A55-20E3-4DFD-A8E6-36F7DA0D1DFF}.Release|Any CPU.Build.0 = Release|Any CPU
	EndGlobalSection
	GlobalSection(SolutionProperties) = preSolution
		HideSolutionNode = FALSE
	EndGlobalSection
	GlobalSection(ExtensibilityGlobals) = postSolution
		SolutionGuid = {03CDB53C-C6A0-4606-84AF-E4F1A83A5C09}
	EndGlobalSection
EndGlobal
